{
  "name": "5.9",
  "lockfileVersion": 3,
  "requires": true,
  "packages": {
    "": {
      "dependencies": {
        "types-registry": "^0.1.758"
      },
      "devDependencies": {
        "@types/caniuse-lite": "^1.0.5",
        "@types/electron-to-chromium": "^1.5.0",
        "@types/graceful-fs": "^4.1.9",
        "@types/is-extglob": "^2.1.0",
        "@types/is-glob": "^4.0.4",
        "@types/less": "^3.0.8",
        "@types/lodash": "^4.17.23",
        "@types/node": "^25.2.3",
        "@types/papaparse": "^5.5.2",
        "@types/picomatch": "^4.0.2",
        "@types/react": "^19.2.14",
        "@types/react-beautiful-dnd": "^13.1.8",
        "@types/react-dom": "^19.2.3",
        "@types/react-input-mask": "^3.0.6",
        "@types/stylus": "^0.48.43",
        "@types/varint": "^6.0.3"
      }
    },
    "node_modules/@types/caniuse-lite": {
      "version": "1.0.5",
      "resolved": "https://registry.npmjs.org/@types/caniuse-lite/-/caniuse-lite-1.0.5.tgz",
      "integrity": "sha512-ff4yGviVi4PrDKkCZJixHjYrgQG3kv/peiSCBabyZR+fXezFTYuS4uVOiRRzRqVxCEZT3ityfuAPuYa0usobKw==",
      "dev": true,
      "license": "MIT"
    },
    "node_modules/@types/electron-to-chromium": {
      "version": "1.5.0",
      "resolved": "https://registry.npmjs.org/@types/electron-to-chromium/-/electron-to-chromium-1.5.0.tgz",
      "integrity": "sha512-DyruYlDaTi6RhdcarT+ppGNg+n2Jr+hvYLdF/RlJhAspSSFk5ptq+lcHgJZ/eQljH1xwZ5NE103oMJcjbDYnzw==",
      "dev": true,
      "license": "MIT"
    },
    "node_modules/@types/graceful-fs": {
      "version": "4.1.9",
      "resolved": "https://registry.npmjs.org/@types/graceful-fs/-/graceful-fs-4.1.9.tgz",
      "integrity": "sha512-olP3sd1qOEe5dXTSaFvQG+02VdRXcdytWLAZsAq1PecU8uqQAhkrnbli7DagjtXKW/Bl7YJbUsa8MPcuc8LHEQ==",
      "dev": true,
      "license": "MIT",
      "dependencies": {
        "@types/node": "*"
      }
    },
    "node_modules/@types/is-extglob": {
      "version": "2.1.0",
      "resolved": "https://registry.npmjs.org/@types/is-extglob/-/is-extglob-2.1.0.tgz",
      "integrity": "sha512-6D2Mkw50u/1f5KX8/iYmWPr07ORmYba0vY583B5iFm3nvR/06EaLUzhk9sHkqdm6vvrgZYCIkiKpO57u3JLrag==",
      "dev": true,
      "license": "MIT"
    },
    "node_modules/@types/is-glob": {
      "version": "4.0.4",
      "resolved": "https://registry.npmjs.org/@types/is-glob/-/is-glob-4.0.4.tgz",
      "integrity": "sha512-3mFBtIPQ0TQetKRDe94g8YrxJZxdMillMGegyv6zRBXvq4peRRhf2wLZ/Dl53emtTsC29dQQBwYvovS20yXpiQ==",
      "dev": true,
      "license": "MIT"
    },
    "node_modules/@types/less": {
      "version": "3.0.8",
      "resolved": "https://registry.npmjs.org/@types/less/-/less-3.0.8.tgz",
      "integrity": "sha512-Gjm4+H9noDJgu5EdT3rUw5MhPBag46fiOy27BefvWkNL8mlZnKnCaVVVTLKj6RYXed9b62CPKnPav9govyQDzA==",
      "dev": true,
      "license": "MIT"
    },
    "node_modules/@types/lodash": {
      "version": "4.17.23",
      "resolved": "https://registry.npmjs.org/@types/lodash/-/lodash-4.17.23.tgz",
      "integrity": "sha512-RDvF6wTulMPjrNdCoYRC8gNR880JNGT8uB+REUpC2Ns4pRqQJhGz90wh7rgdXDPpCczF3VGktDuFGVnz8zP7HA==",
      "dev": true,
      "license": "MIT"
    },
    "node_modules/@types/node": {
      "version": "25.2.3",
      "resolved": "https://registry.npmjs.org/@types/node/-/node-25.2.3.tgz",
      "integrity": "sha512-m0jEgYlYz+mDJZ2+F4v8D1AyQb+QzsNqRuI7xg1VQX/KlKS0qT9r1Mo16yo5F/MtifXFgaofIFsdFMox2SxIbQ==",
      "dev": true,
      "license": "MIT",
      "dependencies": {
        "undici-types": "~7.16.0"
      }
    },
    "node_modules/@types/papaparse": {
      "version": "5.5.2",
      "resolved": "https://registry.npmjs.org/@types/papaparse/-/papaparse-5.5.2.tgz",
      "integrity": "sha512-gFnFp/JMzLHCwRf7tQHrNnfhN4eYBVYYI897CGX4MY1tzY9l2aLkVyx2IlKZ/SAqDbB3I1AOZW5gTMGGsqWliA==",
      "dev": true,
      "license": "MIT",
      "dependencies": {
        "@types/node": "*"
      }
    },
    "node_modules/@types/picomatch": {
      "version": "4.0.2",
      "resolved": "https://registry.npmjs.org/@types/picomatch/-/picomatch-4.0.2.tgz",
      "integrity": "sha512-qHHxQ+P9PysNEGbALT8f8YOSHW0KJu6l2xU8DYY0fu/EmGxXdVnuTLvFUvBgPJMSqXq29SYHveejeAha+4AYgA==",
      "dev": true,
      "license": "MIT"
    },
    "node_modules/@types/react": {
      "version": "19.2.14",
      "resolved": "https://registry.npmjs.org/@types/react/-/react-19.2.14.tgz",
      "integrity": "sha512-ilcTH/UniCkMdtexkoCN0bI7pMcJDvmQFPvuPvmEaYA/NSfFTAgdUSLAoVjaRJm7+6PvcM+q1zYOwS4wTYMF9w==",
      "dev": true,
      "license": "MIT",
      "peer": true,
      "dependencies": {
        "csstype": "^3.2.2"
      }
    },
    "node_modules/@types/react-beautiful-dnd": {
      "version": "13.1.8",
      "resolved": "https://registry.npmjs.org/@types/react-beautiful-dnd/-/react-beautiful-dnd-13.1.8.tgz",
      "integrity": "sha512-E3TyFsro9pQuK4r8S/OL6G99eq7p8v29sX0PM7oT8Z+PJfZvSQTx4zTQbUJ+QZXioAF0e7TGBEcA1XhYhCweyQ==",
      "dev": true,
      "license": "MIT",
      "dependencies": {
        "@types/react": "*"
      }
    },
    "node_modules/@types/react-dom": {
      "version": "19.2.3",
      "resolved": "https://registry.npmjs.org/@types/react-dom/-/react-dom-19.2.3.tgz",
      "integrity": "sha512-jp2L/eY6fn+KgVVQAOqYItbF0VY/YApe5Mz2F0aykSO8gx31bYCZyvSeYxCHKvzHG5eZjc+zyaS5BrBWya2+kQ==",
      "dev": true,
      "license": "MIT",
      "peerDependencies": {
        "@types/react": "^19.2.0"
      }
    },
    "node_modules/@types/react-input-mask": {
      "version": "3.0.6",
      "resolved": "https://registry.npmjs.org/@types/react-input-mask/-/react-input-mask-3.0.6.tgz",
      "integrity": "sha512-+5I18WKyG3eWIj7TVPWfK1VitI9mPpS9y6jE/BfmTCe+iL27NfBw/yzKRvCFp1DRBvlvvcsiZf05bub0YC1k8A==",
      "dev": true,
      "license": "MIT",
      "dependencies": {
        "@types/react": "*"
      }
    },
    "node_modules/@types/stylus": {
      "version": "0.48.43",
      "resolved": "https://registry.npmjs.org/@types/stylus/-/stylus-0.48.43.tgz",
      "integrity": "sha512-72dv/zdhuyXWVHUXG2VTPEQdOG+oen95/DNFx2aMFFaY6LoITI6PwEqf5x31JF49kp2w9hvUzkNfTGBIeg61LQ==",
      "dev": true,
      "license": "MIT",
      "dependencies": {
        "@types/node": "*"
      }
    },
    "node_modules/@types/varint": {
      "version": "6.0.3",
      "resolved": "https://registry.npmjs.org/@types/varint/-/varint-6.0.3.tgz",
      "integrity": "sha512-DHukoGWdJ2aYkveZJTB2rN2lp6m7APzVsoJQ7j/qy1fQxyamJTPD5xQzCMoJ2Qtgn0mE3wWeNOpbTyBFvF+dyA==",
      "dev": true,
      "license": "MIT",
      "dependencies": {
        "@types/node": "*"
      }
    },
    "node_modules/csstype": {
      "version": "3.2.3",
      "resolved": "https://registry.npmjs.org/csstype/-/csstype-3.2.3.tgz",
      "integrity": "sha512-z1HGKcYy2xA8AGQfwrn0PAy+PB7X/GSj3UVJW9qKyn43xWa+gl5nXmU4qqLMRzWVLFC8KusUX8T/0kCiOYpAIQ==",
      "dev": true,
      "license": "MIT"
    },
    "node_modules/types-registry": {
      "version": "0.1.758",
      "resolved": "https://registry.npmjs.org/types-registry/-/types-registry-0.1.758.tgz",
      "integrity": "sha512-XnzjjI7zv5R1fvlcHND4gNmBbiyGVMpAKobX+13H8Mges63gkErFVvIfi3IpKurITKC3Wh8Gb6Vynm3okpaGjw==",
      "license": "MIT"
    },
    "node_modules/undici-types": {
      "version": "7.16.0",
      "resolved": "https://registry.npmjs.org/undici-types/-/undici-types-7.16.0.tgz",
      "integrity": "sha512-Zz+aZWSj8LE6zoxD+xrjh4VfkIG8Ya6LvYkZqtUQGJPZjYl53ypCaUwWqo7eI0x66KBGeRo+mlBEkMSeSZ38Nw==",
      "dev": true,
      "license": "MIT"
    }
  }
}
